
Microsoft Visual Studio Solution File, Format Version 12.00
# Visual Studio Version 17
VisualStudioVersion = 17.1.32421.90
MinimumVisualStudioVersion = 10.0.40219.1
Project("{9A19103F-16F7-4668-BE54-9A1E7A4F7556}") = "ComputerSpace.Server", "ComputerSpace\Server\ComputerSpace.Server.csproj", "{6686FBD0-7E3E-4ECC-9AF0-E8026A9CF680}"
EndProject
Project("{9A19103F-16F7-4668-BE54-9A1E7A4F7556}") = "ComputerSpace.Client", "ComputerSpace\Client\ComputerSpace.Client.csproj", "{C04DEDE5-D8C4-45A0-9C91-B7DD8492438B}"
EndProject
Project("{9A19103F-16F7-4668-BE54-9A1E7A4F7556}") = "ComputerSpace.Shared", "ComputerSpace\Shared\ComputerSpace.Shared.csproj", "{A9E064A9-AB67-4E63-B6D5-975132E4A3CE}"
EndProject
Global
	GlobalSection(SolutionConfigurationPlatforms) = preSolution
		Debug|Any CPU = Debug|Any CPU
		Release|Any CPU = Release|Any CPU
	EndGlobalSection
	GlobalSection(ProjectConfigurationPlatforms) = postSolution
		{6686FBD0-7E3E-4ECC-9AF0-E8026A9CF680}.Debug|Any CPU.ActiveCfg = Debug|Any CPU
		{6686FBD0-7E3E-4ECC-9AF0-E8026A9CF680}.Debug|Any CPU.Build.0 = Debug|Any CPU
		{6686FBD0-7E3E-4ECC-9AF0-E8026A9CF680}.Release|Any CPU.ActiveCfg = Release|Any CPU
		{6686FBD0-7E3E-4ECC-9AF0-E8026A9CF680}.Release|Any CPU.Build.0 = Release|Any CPU
		{C04DEDE5-D8C4-45A0-9C91-B7DD8492438B}.Debug|Any CPU.ActiveCfg = Debug|Any CPU
		{C04DEDE5-D8C4-45A0-9C91-B7DD8492438B}.Debug|Any CPU.Build.0 = Debug|Any CPU
		{C04DEDE5-D8C4-45A0-9C91-B7DD8492438B}.Release|Any CPU.ActiveCfg = Release|Any CPU
		{C04DEDE5-D8C4-45A0-9C91-B7DD8492438B}.Release|Any CPU.Build.0 = Release|Any CPU
		{A9E064A9-AB67-4E63-B6D5-975132E4A3CE}.Debug|Any CPU.ActiveCfg = Debug|Any CPU
		{A9E064A9-AB67-4E63-B6D5-975132E4A3CE}.Debug|Any CPU.Build.0 = Debug|Any CPU
		{A9E064A9-AB67-4E63-B6D5-975132E4A3CE}.Release|Any CPU.ActiveCfg = Release|Any CPU
		{A9E064A9-AB67-4E63-B6D5-975132E4A3CE}.Release|Any CPU.Build.0 = Release|Any CPU
	EndGlobalSection
	GlobalSection(SolutionProperties) = preSolution
		HideSolutionNode = FALSE
	EndGlobalSection
	GlobalSection(ExtensibilityGlobals) = postSolution
		SolutionGuid = {69A66B3E-0F6F-4BC9-ACA2-56A348F8821A}
	EndGlobalSection
EndGlobal
